
Microsoft Visual Studio Solution File, Format Version 12.00
# Visual Studio 15
VisualStudioVersion = 15.0.27130.2024
MinimumVisualStudioVersion = 10.0.40219.1
Project("{9A19103F-16F7-4668-BE54-9A1E7A4F7556}") = "Recount.Core", "Recount.Core\Recount.Core.csproj", "{87388027-7E4D-4C74-8ACF-D28AC9B3A0A8}"
EndProject
Project("{9A19103F-16F7-4668-BE54-9A1E7A4F7556}") = "Recount.Console", "Recount.Console\Recount.Console.csproj", "{73DC1E27-E35E-462F-A8E2-A4B756B0F119}"
EndProject
Global
	GlobalSection(SolutionConfigurationPlatforms) = preSolution
		Debug|Any CPU = Debug|Any CPU
		Release|Any CPU = Release|Any CPU
	EndGlobalSection
	GlobalSection(ProjectConfigurationPlatforms) = postSolution
		{87388027-7E4D-4C74-8ACF-D28AC9B3A0A8}.Debug|Any CPU.ActiveCfg = Debug|Any CPU
		{87388027-7E4D-4C74-8ACF-D28AC9B3A0A8}.Debug|Any CPU.Build.0 = Debug|Any CPU
		{87388027-7E4D-4C74-8ACF-D28AC9B3A0A8}.Release|Any CPU.ActiveCfg = Release|Any CPU
		{87388027-7E4D-4C74-8ACF-D28AC9B3A0A8}.Release|Any CPU.Build.0 = Release|Any CPU
		{73DC1E27-E35E-462F-A8E2-A4B756B0F119}.Debug|Any CPU.ActiveCfg = Debug|Any CPU
		{73DC1E27-E35E-462F-A8E2-A4B756B0F119}.Debug|Any CPU.Build.0 = Debug|Any CPU
		{73DC1E27-E35E-462F-A8E2-A4B756B0F119}.Release|Any CPU.ActiveCfg = Release|Any CPU
		{73DC1E27-E35E-462F-A8E2-A4B756B0F119}.Release|Any CPU.Build.0 = Release|Any CPU
	EndGlobalSection
	GlobalSection(SolutionProperties) = preSolution
		HideSolutionNode = FALSE
	EndGlobalSection
	GlobalSection(ExtensibilityGlobals) = postSolution
		SolutionGuid = {D7DFB94E-D5B7-4A6C-AEB4-AC8D86223413}
	EndGlobalSection
EndGlobal
